{
    "_readme": [
        "This file locks the dependencies of your project to a known state",
        "Read more about it at https://getcomposer.org/doc/01-basic-usage.md#installing-dependencies",
        "This file is @generated automatically"
    ],
    "content-hash": "2bad1350d7ff1d75a4ab16ddfbcfc651",
    "packages": [
        {
            "name": "fmihel/php-lib",
            "version": "v4.0.0",
            "source": {
                "type": "git",
                "url": "https://github.com/fmihel/php-lib.git",
                "reference": "4de8c15eb4af42029493e72ddcb15ddc05c2d8e0"
            },
            "dist": {
                "type": "zip",
                "url": "https://api.github.com/repos/fmihel/php-lib/zipball/4de8c15eb4af42029493e72ddcb15ddc05c2d8e0",
                "reference": "4de8c15eb4af42029493e72ddcb15ddc05c2d8e0",
                "shasum": ""
            },
            "require-dev": {
                "fmihel/console-log": "*",
                "phpunit/phpunit": "8.5.23"
            },
            "type": "library",
            "autoload": {
                "psr-4": {
                    "fmihel\\lib\\": "source"
                }
            },
            "notification-url": "https://packagist.org/downloads/",
            "license": [
                "MIT"
            ],
            "authors": [
                {
                    "name": "fmihel",
                    "email": "fmihel76@gmail.com"
                }
            ],
            "description": "php,lib,library",
            "support": {
                "issues": "https://github.com/fmihel/php-lib/issues",
                "source": "https://github.com/fmihel/php-lib/tree/v4.0.0"
            },
            "time": "2022-10-18T07:53:06+00:00"
        }
    ],
    "packages-dev": [],
    "aliases": [],
    "minimum-stability": "stable",
    "stability-flags": [],
    "prefer-stable": false,
    "prefer-lowest": false,
    "platform": [],
    "platform-dev": [],
    "plugin-api-version": "2.2.0"
}
