{
    "_readme": [
        "This file locks the dependencies of your project to a known state",
        "Read more about it at https://getcomposer.org/doc/01-basic-usage.md#installing-dependencies",
        "This file is @generated automatically"
    ],
    "content-hash": "38f4ff4be3ee541b6eb5ccd7db988ecb",
    "packages": [
        {
            "name": "fmihel/php-lib",
            "version": "v3.0.0",
            "source": {
                "type": "git",
                "url": "https://github.com/fmihel/php-lib.git",
                "reference": "fe47f368af01477cc7daf43f954803e12f428069"
            },
            "dist": {
                "type": "zip",
                "url": "https://api.github.com/repos/fmihel/php-lib/zipball/fe47f368af01477cc7daf43f954803e12f428069",
                "reference": "fe47f368af01477cc7daf43f954803e12f428069",
                "shasum": ""
            },
            "require-dev": {
                "fmihel/console-log": "*",
                "phpunit/phpunit": "8.5.23"
            },
            "type": "library",
            "autoload": {
                "psr-4": {
                    "fmihel\\lib\\": "source"
                }
            },
            "notification-url": "https://packagist.org/downloads/",
            "license": [
                "MIT"
            ],
            "authors": [
                {
                    "name": "fmihel",
                    "email": "fmihel76@gmail.com"
                }
            ],
            "description": "php,lib,library",
            "support": {
                "issues": "https://github.com/fmihel/php-lib/issues",
                "source": "https://github.com/fmihel/php-lib/tree/v3.0.0"
            },
            "time": "2022-04-30T19:06:54+00:00"
        }
    ],
    "packages-dev": [],
    "aliases": [],
    "minimum-stability": "stable",
    "stability-flags": [],
    "prefer-stable": false,
    "prefer-lowest": false,
    "platform": [],
    "platform-dev": [],
    "plugin-api-version": "2.1.0"
}
